{
  "originHash" : "94b1385d8be2b19e36c847c05fe0cb61d23b0bf1c5b0ed79c2e40b5d6a3b8c62",
  "pins" : [
    {
      "identity" : "mpvkit",
      "kind" : "remoteSourceControl",
      "location" : "https://github.com/mpvkit/MPVKit.git",
      "state" : {
        "revision" : "288527dffbc6d3e63cce147fc7b520c64a791603",
        "version" : "1.0.0"
      }
    },
    {
      "identity" : "swiftyopencc",
      "kind" : "remoteSourceControl",
      "location" : "https://github.com/ddddxxx/SwiftyOpenCC",
      "state" : {
        "revision" : "1d8105a0f7199c90af722bff62728050c858e777",
        "version" : "2.0.0-beta"
      }
    }
  ],
  "version" : 3
}
